// !$*UTF8*$!
{
	archiveVersion = 1;
	classes = {
	};
	objectVersion = 46;
	objects = {

/* Begin PBXBuildFile section */
		13187DA31EA842C7003426FB /* AppDelegate.swift in Sources */ = {isa = PBXBuildFile; fileRef = 13187DA21EA842C7003426FB /* AppDelegate.swift */; };
		13187DA51EA842C7003426FB /* LoginViewController.swift in Sources */ = {isa = PBXBuildFile; fileRef = 13187DA41EA842C7003426FB /* LoginViewController.swift */; };
		13187DA81EA842C7003426FB /* Main.storyboard in Resources */ = {isa = PBXBuildFile; fileRef = 13187DA61EA842C7003426FB /* Main.storyboard */; };
		13187DAB1EA842C7003426FB /* Bop.xcdatamodeld in Sources */ = {isa = PBXBuildFile; fileRef = 13187DA91EA842C7003426FB /* Bop.xcdatamodeld */; };
		13187DAD1EA842C7003426FB /* Assets.xcassets in Resources */ = {isa = PBXBuildFile; fileRef = 13187DAC1EA842C7003426FB /* Assets.xcassets */; };
		13187DB01EA842C7003426FB /* LaunchScreen.storyboard in Resources */ = {isa = PBXBuildFile; fileRef = 13187DAE1EA842C7003426FB /* LaunchScreen.storyboard */; };
		13187DBB1EA842C7003426FB /* BopTests.swift in Sources */ = {isa = PBXBuildFile; fileRef = 13187DBA1EA842C7003426FB /* BopTests.swift */; };
		13187DC61EA842C7003426FB /* BopUITests.swift in Sources */ = {isa = PBXBuildFile; fileRef = 13187DC51EA842C7003426FB /* BopUITests.swift */; };
		13187DD81EA843AE003426FB /* Fabric.framework in Frameworks */ = {isa = PBXBuildFile; fileRef = 13187DD41EA843AE003426FB /* Fabric.framework */; };
		13187DD91EA843AE003426FB /* TwitterKit.framework in Frameworks */ = {isa = PBXBuildFile; fileRef = 13187DD51EA843AE003426FB /* TwitterKit.framework */; };
		13187DDA1EA843AE003426FB /* TwitterKitResources.bundle in Resources */ = {isa = PBXBuildFile; fileRef = 13187DD61EA843AE003426FB /* TwitterKitResources.bundle */; };
		13187DDB1EA843AE003426FB /* TwitterCore.framework in Frameworks */ = {isa = PBXBuildFile; fileRef = 13187DD71EA843AE003426FB /* TwitterCore.framework */; };
		13187DDD1EA84445003426FB /* Crashlytics.framework in Frameworks */ = {isa = PBXBuildFile; fileRef = 13187DDC1EA84445003426FB /* Crashlytics.framework */; };
		13187DE01EA8448F003426FB /* DigitsKit.framework in Frameworks */ = {isa = PBXBuildFile; fileRef = 13187DDE1EA8448F003426FB /* DigitsKit.framework */; };
		13187DE11EA8448F003426FB /* DigitsKitResources.bundle in Resources */ = {isa = PBXBuildFile; fileRef = 13187DDF1EA8448F003426FB /* DigitsKitResources.bundle */; };
		13187DEA1EA845CD003426FB /* GCDBlackBox.swift in Sources */ = {isa = PBXBuildFile; fileRef = 13187DE91EA845CD003426FB /* GCDBlackBox.swift */; };
		13187DEC1EA84651003426FB /* InterestButton.swift in Sources */ = {isa = PBXBuildFile; fileRef = 13187DEB1EA84651003426FB /* InterestButton.swift */; };
		13187DEE1EA846CE003426FB /* InterestPickerViewController.swift in Sources */ = {isa = PBXBuildFile; fileRef = 13187DED1EA846CE003426FB /* InterestPickerViewController.swift */; };
		13187DF01EA846F5003426FB /* BopMapViewController.swift in Sources */ = {isa = PBXBuildFile; fileRef = 13187DEF1EA846F5003426FB /* BopMapViewController.swift */; };
		13187DF21EA8474F003426FB /* BopTableViewController.swift in Sources */ = {isa = PBXBuildFile; fileRef = 13187DF11EA8474F003426FB /* BopTableViewController.swift */; };
		13187DF41EA8477C003426FB /* BopTwitterViewController.swift in Sources */ = {isa = PBXBuildFile; fileRef = 13187DF31EA8477C003426FB /* BopTwitterViewController.swift */; };
		13187DF81EA855B4003426FB /* FoursquareRequestType.swift in Sources */ = {isa = PBXBuildFile; fileRef = 13187DF71EA855B4003426FB /* FoursquareRequestType.swift */; };
		13187DFA1EA855C9003426FB /* FoursquareConstants.swift in Sources */ = {isa = PBXBuildFile; fileRef = 13187DF91EA855C8003426FB /* FoursquareConstants.swift */; };
		13187DFD1EA855F1003426FB /* FoursquareConvenience.swift in Sources */ = {isa = PBXBuildFile; fileRef = 13187DFC1EA855F1003426FB /* FoursquareConvenience.swift */; };
		13187E001EAAB3C8003426FB /* VenueResponse.swift in Sources */ = {isa = PBXBuildFile; fileRef = 13187DFF1EAAB3C8003426FB /* VenueResponse.swift */; };
		13187E021EABE84B003426FB /* PhotoResponse.swift in Sources */ = {isa = PBXBuildFile; fileRef = 13187E011EABE84B003426FB /* PhotoResponse.swift */; };
		13187E071EAEEEF4003426FB /* CoreDataStack.swift in Sources */ = {isa = PBXBuildFile; fileRef = 13187E061EAEEEF4003426FB /* CoreDataStack.swift */; };
		13187E261EAEF95A003426FB /* Pin.swift in Sources */ = {isa = PBXBuildFile; fileRef = 13187E201EAEF95A003426FB /* Pin.swift */; };
		13187E271EAEF95A003426FB /* Pin+CoreDataProperties.swift in Sources */ = {isa = PBXBuildFile; fileRef = 13187E211EAEF95A003426FB /* Pin+CoreDataProperties.swift */; };
		13707C3B1EB83ABD00A59482 /* CoreLocation.framework in Frameworks */ = {isa = PBXBuildFile; fileRef = 13707C3A1EB83ABD00A59482 /* CoreLocation.framework */; };
		13707C3F1EBA437E00A59482 /* CoreDataObject.swift in Sources */ = {isa = PBXBuildFile; fileRef = 13707C3E1EBA437E00A59482 /* CoreDataObject.swift */; };
		13707C431EBD61C800A59482 /* CoreDataTableViewController.swift in Sources */ = {isa = PBXBuildFile; fileRef = 13707C421EBD61C800A59482 /* CoreDataTableViewController.swift */; };
		13707C4F1EBE9C6900A59482 /* BopDetailViewController.swift in Sources */ = {isa = PBXBuildFile; fileRef = 13707C4E1EBE9C6900A59482 /* BopDetailViewController.swift */; };
		13707C511EC4CC0800A59482 /* BopVenueImageViewController.swift in Sources */ = {isa = PBXBuildFile; fileRef = 13707C501EC4CC0800A59482 /* BopVenueImageViewController.swift */; };
		13707C551EC4D6E300A59482 /* BopPageViewController.swift in Sources */ = {isa = PBXBuildFile; fileRef = 13707C541EC4D6E300A59482 /* BopPageViewController.swift */; };
		13960A341ECA953800820416 /* Photo.swift in Sources */ = {isa = PBXBuildFile; fileRef = 13960A321ECA953800820416 /* Photo.swift */; };
		13960A351ECA953800820416 /* Photo+CoreDataProperties.swift in Sources */ = {isa = PBXBuildFile; fileRef = 13960A331ECA953800820416 /* Photo+CoreDataProperties.swift */; };
		13E718FE1ECE070800F719F3 /* Contents.json in Resources */ = {isa = PBXBuildFile; fileRef = 13E718EF1ECE070800F719F3 /* Contents.json */; };
		13E718FF1ECE070800F719F3 /* Icon-167.png in Resources */ = {isa = PBXBuildFile; fileRef = 13E718F01ECE070800F719F3 /* Icon-167.png */; };
		13E719001ECE070800F719F3 /* Icon-60@2x.png in Resources */ = {isa = PBXBuildFile; fileRef = 13E718F11ECE070800F719F3 /* Icon-60@2x.png */; };
		13E719011ECE070800F719F3 /* Icon-60@3x.png in Resources */ = {isa = PBXBuildFile; fileRef = 13E718F21ECE070800F719F3 /* Icon-60@3x.png */; };
		13E719021ECE070800F719F3 /* Icon-76.png in Resources */ = {isa = PBXBuildFile; fileRef = 13E718F31ECE070800F719F3 /* Icon-76.png */; };
		13E719031ECE070800F719F3 /* Icon-76@2x.png in Resources */ = {isa = PBXBuildFile; fileRef = 13E718F41ECE070800F719F3 /* Icon-76@2x.png */; };
		13E719041ECE070800F719F3 /* Icon-Small-20.png in Resources */ = {isa = PBXBuildFile; fileRef = 13E718F51ECE070800F719F3 /* Icon-Small-20.png */; };
		13E719051ECE070800F719F3 /* Icon-Small-20@2x.png in Resources */ = {isa = PBXBuildFile; fileRef = 13E718F61ECE070800F719F3 /* Icon-Small-20@2x.png */; };
		13E719061ECE070800F719F3 /* Icon-Small-20@3x.png in Resources */ = {isa = PBXBuildFile; fileRef = 13E718F71ECE070800F719F3 /* Icon-Small-20@3x.png */; };
		13E719071ECE070800F719F3 /* Icon-Small-40.png in Resources */ = {isa = PBXBuildFile; fileRef = 13E718F81ECE070800F719F3 /* Icon-Small-40.png */; };
		13E719081ECE070800F719F3 /* Icon-Small-40@2x.png in Resources */ = {isa = PBXBuildFile; fileRef = 13E718F91ECE070800F719F3 /* Icon-Small-40@2x.png */; };
		13E719091ECE070800F719F3 /* Icon-Small-40@3x.png in Resources */ = {isa = PBXBuildFile; fileRef = 13E718FA1ECE070800F719F3 /* Icon-Small-40@3x.png */; };
		13E7190A1ECE070800F719F3 /* Icon-Small.png in Resources */ = {isa = PBXBuildFile; fileRef = 13E718FB1ECE070800F719F3 /* Icon-Small.png */; };
		13E7190B1ECE070800F719F3 /* Icon-Small@2x.png in Resources */ = {isa = PBXBuildFile; fileRef = 13E718FC1ECE070800F719F3 /* Icon-Small@2x.png */; };
		13E7190C1ECE070800F719F3 /* Icon-Small@3x.png in Resources */ = {isa = PBXBuildFile; fileRef = 13E718FD1ECE070800F719F3 /* Icon-Small@3x.png */; };
/* End PBXBuildFile section */

/* Begin PBXContainerItemProxy section */
		13187DB71EA842C7003426FB /* PBXContainerItemProxy */ = {
			isa = PBXContainerItemProxy;
			containerPortal = 13187D971EA842C7003426FB /* Project object */;
			proxyType = 1;
			remoteGlobalIDString = 13187D9E1EA842C7003426FB;
			remoteInfo = Bop;
		};
		13187DC21EA842C7003426FB /* PBXContainerItemProxy */ = {
			isa = PBXContainerItemProxy;
			containerPortal = 13187D971EA842C7003426FB /* Project object */;
			proxyType = 1;
			remoteGlobalIDString = 13187D9E1EA842C7003426FB;
			remoteInfo = Bop;
		};
/* End PBXContainerItemProxy section */

/* Begin PBXFileReference section */
		13187D9F1EA842C7003426FB /* Bop.app */ = {isa = PBXFileReference; explicitFileType = wrapper.application; includeInIndex = 0; path = Bop.app; sourceTree = BUILT_PRODUCTS_DIR; };
		13187DA21EA842C7003426FB /* AppDelegate.swift */ = {isa = PBXFileReference; lastKnownFileType = sourcecode.swift; path = AppDelegate.swift; sourceTree = "<group>"; };
		13187DA41EA842C7003426FB /* LoginViewController.swift */ = {isa = PBXFileReference; lastKnownFileType = sourcecode.swift; path = LoginViewController.swift; sourceTree = "<group>"; };
		13187DA71EA842C7003426FB /* Base */ = {isa = PBXFileReference; lastKnownFileType = file.storyboard; name = Base; path = Base.lproj/Main.storyboard; sourceTree = "<group>"; };
		13187DAA1EA842C7003426FB /* Bop.xcdatamodel */ = {isa = PBXFileReference; lastKnownFileType = wrapper.xcdatamodel; path = Bop.xcdatamodel; sourceTree = "<group>"; };
		13187DAC1EA842C7003426FB /* Assets.xcassets */ = {isa = PBXFileReference; lastKnownFileType = folder.assetcatalog; path = Assets.xcassets; sourceTree = "<group>"; };
		13187DAF1EA842C7003426FB /* Base */ = {isa = PBXFileReference; lastKnownFileType = file.storyboard; name = Base; path = Base.lproj/LaunchScreen.storyboard; sourceTree = "<group>"; };
		13187DB11EA842C7003426FB /* Info.plist */ = {isa = PBXFileReference; lastKnownFileType = text.plist.xml; path = Info.plist; sourceTree = "<group>"; };
		13187DB61EA842C7003426FB /* BopTests.xctest */ = {isa = PBXFileReference; explicitFileType = wrapper.cfbundle; includeInIndex = 0; path = BopTests.xctest; sourceTree = BUILT_PRODUCTS_DIR; };
		13187DBA1EA842C7003426FB /* BopTests.swift */ = {isa = PBXFileReference; lastKnownFileType = sourcecode.swift; path = BopTests.swift; sourceTree = "<group>"; };
		13187DBC1EA842C7003426FB /* Info.plist */ = {isa = PBXFileReference; lastKnownFileType = text.plist.xml; path = Info.plist; sourceTree = "<group>"; };
		13187DC11EA842C7003426FB /* BopUITests.xctest */ = {isa = PBXFileReference; explicitFileType = wrapper.cfbundle; includeInIndex = 0; path = BopUITests.xctest; sourceTree = BUILT_PRODUCTS_DIR; };
		13187DC51EA842C7003426FB /* BopUITests.swift */ = {isa = PBXFileReference; lastKnownFileType = sourcecode.swift; path = BopUITests.swift; sourceTree = "<group>"; };
		13187DC71EA842C7003426FB /* Info.plist */ = {isa = PBXFileReference; lastKnownFileType = text.plist.xml; path = Info.plist; sourceTree = "<group>"; };
		13187DD41EA843AE003426FB /* Fabric.framework */ = {isa = PBXFileReference; lastKnownFileType = wrapper.framework; path = Fabric.framework; sourceTree = "<group>"; };
		13187DD51EA843AE003426FB /* TwitterKit.framework */ = {isa = PBXFileReference; lastKnownFileType = wrapper.framework; path = TwitterKit.framework; sourceTree = "<group>"; };
		13187DD61EA843AE003426FB /* TwitterKitResources.bundle */ = {isa = PBXFileReference; lastKnownFileType = "wrapper.plug-in"; name = TwitterKitResources.bundle; path = ../TwitterKit.framework/Versions/A/Resources/TwitterKitResources.bundle; sourceTree = "<group>"; };
		13187DD71EA843AE003426FB /* TwitterCore.framework */ = {isa = PBXFileReference; lastKnownFileType = wrapper.framework; path = TwitterCore.framework; sourceTree = "<group>"; };
		13187DDC1EA84445003426FB /* Crashlytics.framework */ = {isa = PBXFileReference; lastKnownFileType = wrapper.framework; path = Crashlytics.framework; sourceTree = "<group>"; };
		13187DDE1EA8448F003426FB /* DigitsKit.framework */ = {isa = PBXFileReference; lastKnownFileType = wrapper.framework; path = DigitsKit.framework; sourceTree = "<group>"; };
		13187DDF1EA8448F003426FB /* DigitsKitResources.bundle */ = {isa = PBXFileReference; lastKnownFileType = "wrapper.plug-in"; name = DigitsKitResources.bundle; path = ../DigitsKit.framework/Versions/A/Resources/DigitsKitResources.bundle; sourceTree = "<group>"; };
		13187DE91EA845CD003426FB /* GCDBlackBox.swift */ = {isa = PBXFileReference; fileEncoding = 4; lastKnownFileType = sourcecode.swift; path = GCDBlackBox.swift; sourceTree = "<group>"; };
		13187DEB1EA84651003426FB /* InterestButton.swift */ = {isa = PBXFileReference; fileEncoding = 4; lastKnownFileType = sourcecode.swift; path = InterestButton.swift; sourceTree = "<group>"; };
		13187DED1EA846CE003426FB /* InterestPickerViewController.swift */ = {isa = PBXFileReference; fileEncoding = 4; lastKnownFileType = sourcecode.swift; path = InterestPickerViewController.swift; sourceTree = "<group>"; };
		13187DEF1EA846F5003426FB /* BopMapViewController.swift */ = {isa = PBXFileReference; fileEncoding = 4; lastKnownFileType = sourcecode.swift; path = BopMapViewController.swift; sourceTree = "<group>"; };
		13187DF11EA8474F003426FB /* BopTableViewController.swift */ = {isa = PBXFileReference; fileEncoding = 4; lastKnownFileType = sourcecode.swift; path = BopTableViewController.swift; sourceTree = "<group>"; };
		13187DF31EA8477C003426FB /* BopTwitterViewController.swift */ = {isa = PBXFileReference; fileEncoding = 4; lastKnownFileType = sourcecode.swift; path = BopTwitterViewController.swift; sourceTree = "<group>"; };
		13187DF71EA855B4003426FB /* FoursquareRequestType.swift */ = {isa = PBXFileReference; fileEncoding = 4; lastKnownFileType = sourcecode.swift; path = FoursquareRequestType.swift; sourceTree = "<group>"; };
		13187DF91EA855C8003426FB /* FoursquareConstants.swift */ = {isa = PBXFileReference; fileEncoding = 4; lastKnownFileType = sourcecode.swift; path = FoursquareConstants.swift; sourceTree = "<group>"; };
		13187DFC1EA855F1003426FB /* FoursquareConvenience.swift */ = {isa = PBXFileReference; fileEncoding = 4; lastKnownFileType = sourcecode.swift; path = FoursquareConvenience.swift; sourceTree = "<group>"; };
		13187DFF1EAAB3C8003426FB /* VenueResponse.swift */ = {isa = PBXFileReference; fileEncoding = 4; lastKnownFileType = sourcecode.swift; path = VenueResponse.swift; sourceTree = "<group>"; };
		13187E011EABE84B003426FB /* PhotoResponse.swift */ = {isa = PBXFileReference; fileEncoding = 4; lastKnownFileType = sourcecode.swift; path = PhotoResponse.swift; sourceTree = "<group>"; };
		13187E061EAEEEF4003426FB /* CoreDataStack.swift */ = {isa = PBXFileReference; fileEncoding = 4; lastKnownFileType = sourcecode.swift; path = CoreDataStack.swift; sourceTree = "<group>"; };
		13187E1B1EAEF753003426FB /* Bop 2.xcdatamodel */ = {isa = PBXFileReference; lastKnownFileType = wrapper.xcdatamodel; path = "Bop 2.xcdatamodel"; sourceTree = "<group>"; };
		13187E201EAEF95A003426FB /* Pin.swift */ = {isa = PBXFileReference; fileEncoding = 4; lastKnownFileType = sourcecode.swift; name = Pin.swift; path = ../Pin.swift; sourceTree = "<group>"; };
		13187E211EAEF95A003426FB /* Pin+CoreDataProperties.swift */ = {isa = PBXFileReference; fileEncoding = 4; lastKnownFileType = sourcecode.swift; name = "Pin+CoreDataProperties.swift"; path = "../Pin+CoreDataProperties.swift"; sourceTree = "<group>"; };
		1360479D1EC7D1210090B496 /* Bop 4.xcdatamodel */ = {isa = PBXFileReference; lastKnownFileType = wrapper.xcdatamodel; path = "Bop 4.xcdatamodel"; sourceTree = "<group>"; };
		13707C391EB191CA00A59482 /* Bop3.xcdatamodel */ = {isa = PBXFileReference; lastKnownFileType = wrapper.xcdatamodel; path = Bop3.xcdatamodel; sourceTree = "<group>"; };
		13707C3A1EB83ABD00A59482 /* CoreLocation.framework */ = {isa = PBXFileReference; lastKnownFileType = wrapper.framework; name = CoreLocation.framework; path = System/Library/Frameworks/CoreLocation.framework; sourceTree = SDKROOT; };
		13707C3E1EBA437E00A59482 /* CoreDataObject.swift */ = {isa = PBXFileReference; fileEncoding = 4; lastKnownFileType = sourcecode.swift; path = CoreDataObject.swift; sourceTree = "<group>"; };
		13707C421EBD61C800A59482 /* CoreDataTableViewController.swift */ = {isa = PBXFileReference; fileEncoding = 4; lastKnownFileType = sourcecode.swift; path = CoreDataTableViewController.swift; sourceTree = "<group>"; };
		13707C4E1EBE9C6900A59482 /* BopDetailViewController.swift */ = {isa = PBXFileReference; fileEncoding = 4; lastKnownFileType = sourcecode.swift; path = BopDetailViewController.swift; sourceTree = "<group>"; };
		13707C501EC4CC0800A59482 /* BopVenueImageViewController.swift */ = {isa = PBXFileReference; fileEncoding = 4; lastKnownFileType = sourcecode.swift; path = BopVenueImageViewController.swift; sourceTree = "<group>"; };
		13707C541EC4D6E300A59482 /* BopPageViewController.swift */ = {isa = PBXFileReference; fileEncoding = 4; lastKnownFileType = sourcecode.swift; path = BopPageViewController.swift; sourceTree = "<group>"; };
		13960A321ECA953800820416 /* Photo.swift */ = {isa = PBXFileReference; fileEncoding = 4; lastKnownFileType = sourcecode.swift; path = Photo.swift; sourceTree = "<group>"; };
		13960A331ECA953800820416 /* Photo+CoreDataProperties.swift */ = {isa = PBXFileReference; fileEncoding = 4; lastKnownFileType = sourcecode.swift; path = "Photo+CoreDataProperties.swift"; sourceTree = "<group>"; };
		13E718EF1ECE070800F719F3 /* Contents.json */ = {isa = PBXFileReference; fileEncoding = 4; lastKnownFileType = text.json; path = Contents.json; sourceTree = "<group>"; };
		13E718F01ECE070800F719F3 /* Icon-167.png */ = {isa = PBXFileReference; lastKnownFileType = image.png; path = "Icon-167.png"; sourceTree = "<group>"; };
		13E718F11ECE070800F719F3 /* Icon-60@2x.png */ = {isa = PBXFileReference; lastKnownFileType = image.png; path = "Icon-60@2x.png"; sourceTree = "<group>"; };
		13E718F21ECE070800F719F3 /* Icon-60@3x.png */ = {isa = PBXFileReference; lastKnownFileType = image.png; path = "Icon-60@3x.png"; sourceTree = "<group>"; };
		13E718F31ECE070800F719F3 /* Icon-76.png */ = {isa = PBXFileReference; lastKnownFileType = image.png; path = "Icon-76.png"; sourceTree = "<group>"; };
		13E718F41ECE070800F719F3 /* Icon-76@2x.png */ = {isa = PBXFileReference; lastKnownFileType = image.png; path = "Icon-76@2x.png"; sourceTree = "<group>"; };
		13E718F51ECE070800F719F3 /* Icon-Small-20.png */ = {isa = PBXFileReference; lastKnownFileType = image.png; path = "Icon-Small-20.png"; sourceTree = "<group>"; };
		13E718F61ECE070800F719F3 /* Icon-Small-20@2x.png */ = {isa = PBXFileReference; lastKnownFileType = image.png; path = "Icon-Small-20@2x.png"; sourceTree = "<group>"; };
		13E718F71ECE070800F719F3 /* Icon-Small-20@3x.png */ = {isa = PBXFileReference; lastKnownFileType = image.png; path = "Icon-Small-20@3x.png"; sourceTree = "<group>"; };
		13E718F81ECE070800F719F3 /* Icon-Small-40.png */ = {isa = PBXFileReference; lastKnownFileType = image.png; path = "Icon-Small-40.png"; sourceTree = "<group>"; };
		13E718F91ECE070800F719F3 /* Icon-Small-40@2x.png */ = {isa = PBXFileReference; lastKnownFileType = image.png; path = "Icon-Small-40@2x.png"; sourceTree = "<group>"; };
		13E718FA1ECE070800F719F3 /* Icon-Small-40@3x.png */ = {isa = PBXFileReference; lastKnownFileType = image.png; path = "Icon-Small-40@3x.png"; sourceTree = "<group>"; };
		13E718FB1ECE070800F719F3 /* Icon-Small.png */ = {isa = PBXFileReference; lastKnownFileType = image.png; path = "Icon-Small.png"; sourceTree = "<group>"; };
		13E718FC1ECE070800F719F3 /* Icon-Small@2x.png */ = {isa = PBXFileReference; lastKnownFileType = image.png; path = "Icon-Small@2x.png"; sourceTree = "<group>"; };
		13E718FD1ECE070800F719F3 /* Icon-Small@3x.png */ = {isa = PBXFileReference; lastKnownFileType = image.png; path = "Icon-Small@3x.png"; sourceTree = "<group>"; };
/* End PBXFileReference section */

/* Begin PBXFrameworksBuildPhase section */
		13187D9C1EA842C7003426FB /* Frameworks */ = {
			isa = PBXFrameworksBuildPhase;
			buildActionMask = 2147483647;
			files = (
				13707C3B1EB83ABD00A59482 /* CoreLocation.framework in Frameworks */,
				13187DD81EA843AE003426FB /* Fabric.framework in Frameworks */,
				13187DDB1EA843AE003426FB /* TwitterCore.framework in Frameworks */,
				13187DDD1EA84445003426FB /* Crashlytics.framework in Frameworks */,
				13187DD91EA843AE003426FB /* TwitterKit.framework in Frameworks */,
				13187DE01EA8448F003426FB /* DigitsKit.framework in Frameworks */,
			);
			runOnlyForDeploymentPostprocessing = 0;
		};
		13187DB31EA842C7003426FB /* Frameworks */ = {
			isa = PBXFrameworksBuildPhase;
			buildActionMask = 2147483647;
			files = (
			);
			runOnlyForDeploymentPostprocessing = 0;
		};
		13187DBE1EA842C7003426FB /* Frameworks */ = {
			isa = PBXFrameworksBuildPhase;
			buildActionMask = 2147483647;
			files = (
			);
			runOnlyForDeploymentPostprocessing = 0;
		};
/* End PBXFrameworksBuildPhase section */

/* Begin PBXGroup section */
		13187D961EA842C7003426FB = {
			isa = PBXGroup;
			children = (
				13960A321ECA953800820416 /* Photo.swift */,
				13960A331ECA953800820416 /* Photo+CoreDataProperties.swift */,
				13187DE21EA844DD003426FB /* Frameworks */,
				13187DA11EA842C7003426FB /* Bop */,
				13187DB91EA842C7003426FB /* BopTests */,
				13187DC41EA842C7003426FB /* BopUITests */,
				13187DA01EA842C7003426FB /* Products */,
			);
			sourceTree = "<group>";
		};
		13187DA01EA842C7003426FB /* Products */ = {
			isa = PBXGroup;
			children = (
				13187D9F1EA842C7003426FB /* Bop.app */,
				13187DB61EA842C7003426FB /* BopTests.xctest */,
				13187DC11EA842C7003426FB /* BopUITests.xctest */,
			);
			name = Products;
			sourceTree = "<group>";
		};
		13187DA11EA842C7003426FB /* Bop */ = {
			isa = PBXGroup;
			children = (
				13187DA21EA842C7003426FB /* AppDelegate.swift */,
				13187DE91EA845CD003426FB /* GCDBlackBox.swift */,
				13187DE31EA8455A003426FB /* Models */,
				13187DE41EA84561003426FB /* Views */,
				13187DE51EA84568003426FB /* View Controllers */,
				13187DE61EA84574003426FB /* Extensions */,
				13187DA61EA842C7003426FB /* Main.storyboard */,
				13187DAC1EA842C7003426FB /* Assets.xcassets */,
				13E718EE1ECE070800F719F3 /* AppIcon.appiconset */,
				13187DAE1EA842C7003426FB /* LaunchScreen.storyboard */,
				13187DE71EA8457C003426FB /* Supporting Files */,
				13187DE81EA84586003426FB /* Resources */,
			);
			path = Bop;
			sourceTree = "<group>";
		};
		13187DB91EA842C7003426FB /* BopTests */ = {
			isa = PBXGroup;
			children = (
				13187DBA1EA842C7003426FB /* BopTests.swift */,
				13187DBC1EA842C7003426FB /* Info.plist */,
			);
			path = BopTests;
			sourceTree = "<group>";
		};
		13187DC41EA842C7003426FB /* BopUITests */ = {
			isa = PBXGroup;
			children = (
				13187DC51EA842C7003426FB /* BopUITests.swift */,
				13187DC71EA842C7003426FB /* Info.plist */,
			);
			path = BopUITests;
			sourceTree = "<group>";
		};
		13187DE21EA844DD003426FB /* Frameworks */ = {
			isa = PBXGroup;
			children = (
				13707C3A1EB83ABD00A59482 /* CoreLocation.framework */,
				13187DD71EA843AE003426FB /* TwitterCore.framework */,
				13187DD51EA843AE003426FB /* TwitterKit.framework */,
				13187DD41EA843AE003426FB /* Fabric.framework */,
				13187DDC1EA84445003426FB /* Crashlytics.framework */,
				13187DDE1EA8448F003426FB /* DigitsKit.framework */,
			);
			name = Frameworks;
			sourceTree = "<group>";
		};
		13187DE31EA8455A003426FB /* Models */ = {
			isa = PBXGroup;
			children = (
				13187DA91EA842C7003426FB /* Bop.xcdatamodeld */,
				13187E151EAEF2DC003426FB /* CoreData */,
				13187DF51EA85582003426FB /* Clients */,
			);
			name = Models;
			sourceTree = "<group>";
		};
		13187DE41EA84561003426FB /* Views */ = {
			isa = PBXGroup;
			children = (
				13187DEB1EA84651003426FB /* InterestButton.swift */,
			);
			name = Views;
			sourceTree = "<group>";
		};
		13187DE51EA84568003426FB /* View Controllers */ = {
			isa = PBXGroup;
			children = (
				13187DA41EA842C7003426FB /* LoginViewController.swift */,
				13187DED1EA846CE003426FB /* InterestPickerViewController.swift */,
				13187DEF1EA846F5003426FB /* BopMapViewController.swift */,
				13707C521EC4D65500A59482 /* BopTableViewController */,
				13707C531EC4D67C00A59482 /* BopDetailViewController */,
			);
			name = "View Controllers";
			sourceTree = "<group>";
		};
		13187DE61EA84574003426FB /* Extensions */ = {
			isa = PBXGroup;
			children = (
			);
			name = Extensions;
			sourceTree = "<group>";
		};
		13187DE71EA8457C003426FB /* Supporting Files */ = {
			isa = PBXGroup;
			children = (
				13187DB11EA842C7003426FB /* Info.plist */,
			);
			name = "Supporting Files";
			sourceTree = "<group>";
		};
		13187DE81EA84586003426FB /* Resources */ = {
			isa = PBXGroup;
			children = (
				13187DD61EA843AE003426FB /* TwitterKitResources.bundle */,
				13187DDF1EA8448F003426FB /* DigitsKitResources.bundle */,
			);
			name = Resources;
			sourceTree = "<group>";
		};
		13187DF51EA85582003426FB /* Clients */ = {
			isa = PBXGroup;
			children = (
				13187DF61EA8558C003426FB /* Foursquare */,
			);
			name = Clients;
			sourceTree = "<group>";
		};
		13187DF61EA8558C003426FB /* Foursquare */ = {
			isa = PBXGroup;
			children = (
				13187DF71EA855B4003426FB /* FoursquareRequestType.swift */,
				13187DFC1EA855F1003426FB /* FoursquareConvenience.swift */,
				13187DF91EA855C8003426FB /* FoursquareConstants.swift */,
				13187DFF1EAAB3C8003426FB /* VenueResponse.swift */,
				13187E011EABE84B003426FB /* PhotoResponse.swift */,
			);
			name = Foursquare;
			sourceTree = "<group>";
		};
		13187E151EAEF2DC003426FB /* CoreData */ = {
			isa = PBXGroup;
			children = (
				13187E061EAEEEF4003426FB /* CoreDataStack.swift */,
				13707C3E1EBA437E00A59482 /* CoreDataObject.swift */,
				13187E161EAEF2FC003426FB /* Pin */,
				13187E171EAEF305003426FB /* Photo */,
			);
			name = CoreData;
			sourceTree = "<group>";
		};
		13187E161EAEF2FC003426FB /* Pin */ = {
			isa = PBXGroup;
			children = (
				13187E201EAEF95A003426FB /* Pin.swift */,
				13187E211EAEF95A003426FB /* Pin+CoreDataProperties.swift */,
			);
			name = Pin;
			sourceTree = "<group>";
		};
		13187E171EAEF305003426FB /* Photo */ = {
			isa = PBXGroup;
			children = (
			);
			name = Photo;
			sourceTree = "<group>";
		};
		13707C521EC4D65500A59482 /* BopTableViewController */ = {
			isa = PBXGroup;
			children = (
				13707C421EBD61C800A59482 /* CoreDataTableViewController.swift */,
				13187DF11EA8474F003426FB /* BopTableViewController.swift */,
			);
			name = BopTableViewController;
			sourceTree = "<group>";
		};
		13707C531EC4D67C00A59482 /* BopDetailViewController */ = {
			isa = PBXGroup;
			children = (
				13707C4E1EBE9C6900A59482 /* BopDetailViewController.swift */,
				13707C541EC4D6E300A59482 /* BopPageViewController.swift */,
				13707C501EC4CC0800A59482 /* BopVenueImageViewController.swift */,
				13187DF31EA8477C003426FB /* BopTwitterViewController.swift */,
			);
			name = BopDetailViewController;
			sourceTree = "<group>";
		};
		13E718EE1ECE070800F719F3 /* AppIcon.appiconset */ = {
			isa = PBXGroup;
			children = (
				13E718EF1ECE070800F719F3 /* Contents.json */,
				13E718F01ECE070800F719F3 /* Icon-167.png */,
				13E718F11ECE070800F719F3 /* Icon-60@2x.png */,
				13E718F21ECE070800F719F3 /* Icon-60@3x.png */,
				13E718F31ECE070800F719F3 /* Icon-76.png */,
				13E718F41ECE070800F719F3 /* Icon-76@2x.png */,
				13E718F51ECE070800F719F3 /* Icon-Small-20.png */,
				13E718F61ECE070800F719F3 /* Icon-Small-20@2x.png */,
				13E718F71ECE070800F719F3 /* Icon-Small-20@3x.png */,
				13E718F81ECE070800F719F3 /* Icon-Small-40.png */,
				13E718F91ECE070800F719F3 /* Icon-Small-40@2x.png */,
				13E718FA1ECE070800F719F3 /* Icon-Small-40@3x.png */,
				13E718FB1ECE070800F719F3 /* Icon-Small.png */,
				13E718FC1ECE070800F719F3 /* Icon-Small@2x.png */,
				13E718FD1ECE070800F719F3 /* Icon-Small@3x.png */,
			);
			path = AppIcon.appiconset;
			sourceTree = "<group>";
		};
/* End PBXGroup section */

/* Begin PBXNativeTarget section */
		13187D9E1EA842C7003426FB /* Bop */ = {
			isa = PBXNativeTarget;
			buildConfigurationList = 13187DCA1EA842C7003426FB /* Build configuration list for PBXNativeTarget "Bop" */;
			buildPhases = (
				13187D9B1EA842C7003426FB /* Sources */,
				13187D9C1EA842C7003426FB /* Frameworks */,
				13187D9D1EA842C7003426FB /* Resources */,
				13187DD31EA84377003426FB /* ShellScript */,
			);
			buildRules = (
			);
			dependencies = (
			);
			name = Bop;
			productName = Bop;
			productReference = 13187D9F1EA842C7003426FB /* Bop.app */;
			productType = "com.apple.product-type.application";
		};
		13187DB51EA842C7003426FB /* BopTests */ = {
			isa = PBXNativeTarget;
			buildConfigurationList = 13187DCD1EA842C7003426FB /* Build configuration list for PBXNativeTarget "BopTests" */;
			buildPhases = (
				13187DB21EA842C7003426FB /* Sources */,
				13187DB31EA842C7003426FB /* Frameworks */,
				13187DB41EA842C7003426FB /* Resources */,
			);
			buildRules = (
			);
			dependencies = (
				13187DB81EA842C7003426FB /* PBXTargetDependency */,
			);
			name = BopTests;
			productName = BopTests;
			productReference = 13187DB61EA842C7003426FB /* BopTests.xctest */;
			productType = "com.apple.product-type.bundle.unit-test";
		};
		13187DC01EA842C7003426FB /* BopUITests */ = {
			isa = PBXNativeTarget;
			buildConfigurationList = 13187DD01EA842C7003426FB /* Build configuration list for PBXNativeTarget "BopUITests" */;
			buildPhases = (
				13187DBD1EA842C7003426FB /* Sources */,
				13187DBE1EA842C7003426FB /* Frameworks */,
				13187DBF1EA842C7003426FB /* Resources */,
			);
			buildRules = (
			);
			dependencies = (
				13187DC31EA842C7003426FB /* PBXTargetDependency */,
			);
			name = BopUITests;
			productName = BopUITests;
			productReference = 13187DC11EA842C7003426FB /* BopUITests.xctest */;
			productType = "com.apple.product-type.bundle.ui-testing";
		};
/* End PBXNativeTarget section */

/* Begin PBXProject section */
		13187D971EA842C7003426FB /* Project object */ = {
			isa = PBXProject;
			attributes = {
				LastSwiftUpdateCheck = 0830;
				LastUpgradeCheck = 0830;
				ORGANIZATIONNAME = "Thomas Manos Bajis";
				TargetAttributes = {
					13187D9E1EA842C7003426FB = {
						CreatedOnToolsVersion = 8.3.1;
						DevelopmentTeam = BN7EJLU57R;
						ProvisioningStyle = Automatic;
					};
					13187DB51EA842C7003426FB = {
						CreatedOnToolsVersion = 8.3.1;
						DevelopmentTeam = D48W5PJWXX;
						ProvisioningStyle = Automatic;
						TestTargetID = 13187D9E1EA842C7003426FB;
					};
					13187DC01EA842C7003426FB = {
						CreatedOnToolsVersion = 8.3.1;
						DevelopmentTeam = D48W5PJWXX;
						ProvisioningStyle = Automatic;
						TestTargetID = 13187D9E1EA842C7003426FB;
					};
				};
			};
			buildConfigurationList = 13187D9A1EA842C7003426FB /* Build configuration list for PBXProject "Bop" */;
			compatibilityVersion = "Xcode 3.2";
			developmentRegion = English;
			hasScannedForEncodings = 0;
			knownRegions = (
				en,
				Base,
			);
			mainGroup = 13187D961EA842C7003426FB;
			productRefGroup = 13187DA01EA842C7003426FB /* Products */;
			projectDirPath = "";
			projectRoot = "";
			targets = (
				13187D9E1EA842C7003426FB /* Bop */,
				13187DB51EA842C7003426FB /* BopTests */,
				13187DC01EA842C7003426FB /* BopUITests */,
			);
		};
/* End PBXProject section */

/* Begin PBXResourcesBuildPhase section */
		13187D9D1EA842C7003426FB /* Resources */ = {
			isa = PBXResourcesBuildPhase;
			buildActionMask = 2147483647;
			files = (
				13187DE11EA8448F003426FB /* DigitsKitResources.bundle in Resources */,
				13E719081ECE070800F719F3 /* Icon-Small-40@2x.png in Resources */,
				13E7190B1ECE070800F719F3 /* Icon-Small@2x.png in Resources */,
				13187DDA1EA843AE003426FB /* TwitterKitResources.bundle in Resources */,
				13187DB01EA842C7003426FB /* LaunchScreen.storyboard in Resources */,
				13187DAD1EA842C7003426FB /* Assets.xcassets in Resources */,
				13E719061ECE070800F719F3 /* Icon-Small-20@3x.png in Resources */,
				13E719091ECE070800F719F3 /* Icon-Small-40@3x.png in Resources */,
				13E718FF1ECE070800F719F3 /* Icon-167.png in Resources */,
				13E7190A1ECE070800F719F3 /* Icon-Small.png in Resources */,
				13E719031ECE070800F719F3 /* Icon-76@2x.png in Resources */,
				13E719041ECE070800F719F3 /* Icon-Small-20.png in Resources */,
				13187DA81EA842C7003426FB /* Main.storyboard in Resources */,
				13E719011ECE070800F719F3 /* Icon-60@3x.png in Resources */,
				13E719021ECE070800F719F3 /* Icon-76.png in Resources */,
				13E718FE1ECE070800F719F3 /* Contents.json in Resources */,
				13E719071ECE070800F719F3 /* Icon-Small-40.png in Resources */,
				13E719001ECE070800F719F3 /* Icon-60@2x.png in Resources */,
				13E7190C1ECE070800F719F3 /* Icon-Small@3x.png in Resources */,
				13E719051ECE070800F719F3 /* Icon-Small-20@2x.png in Resources */,
			);
			runOnlyForDeploymentPostprocessing = 0;
		};
		13187DB41EA842C7003426FB /* Resources */ = {
			isa = PBXResourcesBuildPhase;
			buildActionMask = 2147483647;
			files = (
			);
			runOnlyForDeploymentPostprocessing = 0;
		};
		13187DBF1EA842C7003426FB /* Resources */ = {
			isa = PBXResourcesBuildPhase;
			buildActionMask = 2147483647;
			files = (
			);
			runOnlyForDeploymentPostprocessing = 0;
		};
/* End PBXResourcesBuildPhase section */

/* Begin PBXShellScriptBuildPhase section */
		13187DD31EA84377003426FB /* ShellScript */ = {
			isa = PBXShellScriptBuildPhase;
			buildActionMask = 2147483647;
			files = (
			);
			inputPaths = (
			);
			outputPaths = (
			);
			runOnlyForDeploymentPostprocessing = 0;
			shellPath = /bin/sh;
			shellScript = "./Fabric.framework/run 8d4e891dfafa7e9da06c5b18aafe130cd18056f9 d726d2d1af985af5c5be74b93f3f8c6db34d6ab3284961dcce83b7fcfefabae3";
		};
/* End PBXShellScriptBuildPhase section */

/* Begin PBXSourcesBuildPhase section */
		13187D9B1EA842C7003426FB /* Sources */ = {
			isa = PBXSourcesBuildPhase;
			buildActionMask = 2147483647;
			files = (
				13187E071EAEEEF4003426FB /* CoreDataStack.swift in Sources */,
				13187E261EAEF95A003426FB /* Pin.swift in Sources */,
				13187DFD1EA855F1003426FB /* FoursquareConvenience.swift in Sources */,
				13707C4F1EBE9C6900A59482 /* BopDetailViewController.swift in Sources */,
				13187DEE1EA846CE003426FB /* InterestPickerViewController.swift in Sources */,
				13707C511EC4CC0800A59482 /* BopVenueImageViewController.swift in Sources */,
				13960A351ECA953800820416 /* Photo+CoreDataProperties.swift in Sources */,
				13960A341ECA953800820416 /* Photo.swift in Sources */,
				13187DEC1EA84651003426FB /* InterestButton.swift in Sources */,
				13187DF01EA846F5003426FB /* BopMapViewController.swift in Sources */,
				13187DFA1EA855C9003426FB /* FoursquareConstants.swift in Sources */,
				13187DF41EA8477C003426FB /* BopTwitterViewController.swift in Sources */,
				13707C3F1EBA437E00A59482 /* CoreDataObject.swift in Sources */,
				13187E271EAEF95A003426FB /* Pin+CoreDataProperties.swift in Sources */,
				13707C551EC4D6E300A59482 /* BopPageViewController.swift in Sources */,
				13187E021EABE84B003426FB /* PhotoResponse.swift in Sources */,
				13707C431EBD61C800A59482 /* CoreDataTableViewController.swift in Sources */,
				13187DEA1EA845CD003426FB /* GCDBlackBox.swift in Sources */,
				13187DA51EA842C7003426FB /* LoginViewController.swift in Sources */,
				13187DAB1EA842C7003426FB /* Bop.xcdatamodeld in Sources */,
				13187DF81EA855B4003426FB /* FoursquareRequestType.swift in Sources */,
				13187DA31EA842C7003426FB /* AppDelegate.swift in Sources */,
				13187E001EAAB3C8003426FB /* VenueResponse.swift in Sources */,
				13187DF21EA8474F003426FB /* BopTableViewController.swift in Sources */,
			);
			runOnlyForDeploymentPostprocessing = 0;
		};
		13187DB21EA842C7003426FB /* Sources */ = {
			isa = PBXSourcesBuildPhase;
			buildActionMask = 2147483647;
			files = (
				13187DBB1EA842C7003426FB /* BopTests.swift in Sources */,
			);
			runOnlyForDeploymentPostprocessing = 0;
		};
		13187DBD1EA842C7003426FB /* Sources */ = {
			isa = PBXSourcesBuildPhase;
			buildActionMask = 2147483647;
			files = (
				13187DC61EA842C7003426FB /* BopUITests.swift in Sources */,
			);
			runOnlyForDeploymentPostprocessing = 0;
		};
/* End PBXSourcesBuildPhase section */

/* Begin PBXTargetDependency section */
		13187DB81EA842C7003426FB /* PBXTargetDependency */ = {
			isa = PBXTargetDependency;
			target = 13187D9E1EA842C7003426FB /* Bop */;
			targetProxy = 13187DB71EA842C7003426FB /* PBXContainerItemProxy */;
		};
		13187DC31EA842C7003426FB /* PBXTargetDependency */ = {
			isa = PBXTargetDependency;
			target = 13187D9E1EA842C7003426FB /* Bop */;
			targetProxy = 13187DC21EA842C7003426FB /* PBXContainerItemProxy */;
		};
/* End PBXTargetDependency section */

/* Begin PBXVariantGroup section */
		13187DA61EA842C7003426FB /* Main.storyboard */ = {
			isa = PBXVariantGroup;
			children = (
				13187DA71EA842C7003426FB /* Base */,
			);
			name = Main.storyboard;
			sourceTree = "<group>";
		};
		13187DAE1EA842C7003426FB /* LaunchScreen.storyboard */ = {
			isa = PBXVariantGroup;
			children = (
				13187DAF1EA842C7003426FB /* Base */,
			);
			name = LaunchScreen.storyboard;
			sourceTree = "<group>";
		};
/* End PBXVariantGroup section */

/* Begin XCBuildConfiguration section */
		13187DC81EA842C7003426FB /* Debug */ = {
			isa = XCBuildConfiguration;
			buildSettings = {
				ALWAYS_SEARCH_USER_PATHS = NO;
				CLANG_ANALYZER_NONNULL = YES;
				CLANG_ANALYZER_NUMBER_OBJECT_CONVERSION = YES_AGGRESSIVE;
				CLANG_CXX_LANGUAGE_STANDARD = "gnu++0x";
				CLANG_CXX_LIBRARY = "libc++";
				CLANG_ENABLE_MODULES = YES;
				CLANG_ENABLE_OBJC_ARC = YES;
				CLANG_WARN_BOOL_CONVERSION = YES;
				CLANG_WARN_CONSTANT_CONVERSION = YES;
				CLANG_WARN_DIRECT_OBJC_ISA_USAGE = YES_ERROR;
				CLANG_WARN_DOCUMENTATION_COMMENTS = YES;
				CLANG_WARN_EMPTY_BODY = YES;
				CLANG_WARN_ENUM_CONVERSION = YES;
				CLANG_WARN_INFINITE_RECURSION = YES;
				CLANG_WARN_INT_CONVERSION = YES;
				CLANG_WARN_OBJC_ROOT_CLASS = YES_ERROR;
				CLANG_WARN_SUSPICIOUS_MOVE = YES;
				CLANG_WARN_UNREACHABLE_CODE = YES;
				CLANG_WARN__DUPLICATE_METHOD_MATCH = YES;
				"CODE_SIGN_IDENTITY[sdk=iphoneos*]" = "iPhone Developer";
				COPY_PHASE_STRIP = NO;
				DEBUG_INFORMATION_FORMAT = dwarf;
				ENABLE_STRICT_OBJC_MSGSEND = YES;
				ENABLE_TESTABILITY = YES;
				GCC_C_LANGUAGE_STANDARD = gnu99;
				GCC_DYNAMIC_NO_PIC = NO;
				GCC_NO_COMMON_BLOCKS = YES;
				GCC_OPTIMIZATION_LEVEL = 0;
				GCC_PREPROCESSOR_DEFINITIONS = (
					"DEBUG=1",
					"$(inherited)",
				);
				GCC_WARN_64_TO_32_BIT_CONVERSION = YES;
				GCC_WARN_ABOUT_RETURN_TYPE = YES_ERROR;
				GCC_WARN_UNDECLARED_SELECTOR = YES;
				GCC_WARN_UNINITIALIZED_AUTOS = YES_AGGRESSIVE;
				GCC_WARN_UNUSED_FUNCTION = YES;
				GCC_WARN_UNUSED_VARIABLE = YES;
				IPHONEOS_DEPLOYMENT_TARGET = 10.3;
				MTL_ENABLE_DEBUG_INFO = YES;
				ONLY_ACTIVE_ARCH = YES;
				SDKROOT = iphoneos;
				SWIFT_ACTIVE_COMPILATION_CONDITIONS = DEBUG;
				SWIFT_OPTIMIZATION_LEVEL = "-Onone";
				TARGETED_DEVICE_FAMILY = "1,2";
			};
			name = Debug;
		};
		13187DC91EA842C7003426FB /* Release */ = {
			isa = XCBuildConfiguration;
			buildSettings = {
				ALWAYS_SEARCH_USER_PATHS = NO;
				CLANG_ANALYZER_NONNULL = YES;
				CLANG_ANALYZER_NUMBER_OBJECT_CONVERSION = YES_AGGRESSIVE;
				CLANG_CXX_LANGUAGE_STANDARD = "gnu++0x";
				CLANG_CXX_LIBRARY = "libc++";
				CLANG_ENABLE_MODULES = YES;
				CLANG_ENABLE_OBJC_ARC = YES;
				CLANG_WARN_BOOL_CONVERSION = YES;
				CLANG_WARN_CONSTANT_CONVERSION = YES;
				CLANG_WARN_DIRECT_OBJC_ISA_USAGE = YES_ERROR;
				CLANG_WARN_DOCUMENTATION_COMMENTS = YES;
				CLANG_WARN_EMPTY_BODY = YES;
				CLANG_WARN_ENUM_CONVERSION = YES;
				CLANG_WARN_INFINITE_RECURSION = YES;
				CLANG_WARN_INT_CONVERSION = YES;
				CLANG_WARN_OBJC_ROOT_CLASS = YES_ERROR;
				CLANG_WARN_SUSPICIOUS_MOVE = YES;
				CLANG_WARN_UNREACHABLE_CODE = YES;
				CLANG_WARN__DUPLICATE_METHOD_MATCH = YES;
				"CODE_SIGN_IDENTITY[sdk=iphoneos*]" = "iPhone Developer";
				COPY_PHASE_STRIP = NO;
				DEBUG_INFORMATION_FORMAT = "dwarf-with-dsym";
				ENABLE_NS_ASSERTIONS = NO;
				ENABLE_STRICT_OBJC_MSGSEND = YES;
				GCC_C_LANGUAGE_STANDARD = gnu99;
				GCC_NO_COMMON_BLOCKS = YES;
				GCC_WARN_64_TO_32_BIT_CONVERSION = YES;
				GCC_WARN_ABOUT_RETURN_TYPE = YES_ERROR;
				GCC_WARN_UNDECLARED_SELECTOR = YES;
				GCC_WARN_UNINITIALIZED_AUTOS = YES_AGGRESSIVE;
				GCC_WARN_UNUSED_FUNCTION = YES;
				GCC_WARN_UNUSED_VARIABLE = YES;
				IPHONEOS_DEPLOYMENT_TARGET = 10.3;
				MTL_ENABLE_DEBUG_INFO = NO;
				SDKROOT = iphoneos;
				SWIFT_OPTIMIZATION_LEVEL = "-Owholemodule";
				TARGETED_DEVICE_FAMILY = "1,2";
				VALIDATE_PRODUCT = YES;
			};
			name = Release;
		};
		13187DCB1EA842C7003426FB /* Debug */ = {
			isa = XCBuildConfiguration;
			buildSettings = {
				ASSETCATALOG_COMPILER_APPICON_NAME = AppIcon;
				DEVELOPMENT_TEAM = BN7EJLU57R;
				FRAMEWORK_SEARCH_PATHS = (
					"$(inherited)",
					"$(PROJECT_DIR)",
				);
				INFOPLIST_FILE = Bop/Info.plist;
				LD_RUNPATH_SEARCH_PATHS = "$(inherited) @executable_path/Frameworks";
				PRODUCT_BUNDLE_IDENTIFIER = "com.bajis-development.Bop";
				PRODUCT_NAME = "$(TARGET_NAME)";
				SWIFT_VERSION = 3.0;
			};
			name = Debug;
		};
		13187DCC1EA842C7003426FB /* Release */ = {
			isa = XCBuildConfiguration;
			buildSettings = {
				ASSETCATALOG_COMPILER_APPICON_NAME = AppIcon;
				DEVELOPMENT_TEAM = BN7EJLU57R;
				FRAMEWORK_SEARCH_PATHS = (
					"$(inherited)",
					"$(PROJECT_DIR)",
				);
				INFOPLIST_FILE = Bop/Info.plist;
				LD_RUNPATH_SEARCH_PATHS = "$(inherited) @executable_path/Frameworks";
				PRODUCT_BUNDLE_IDENTIFIER = "com.bajis-development.Bop";
				PRODUCT_NAME = "$(TARGET_NAME)";
				SWIFT_VERSION = 3.0;
			};
			name = Release;
		};
		13187DCE1EA842C7003426FB /* Debug */ = {
			isa = XCBuildConfiguration;
			buildSettings = {
				ALWAYS_EMBED_SWIFT_STANDARD_LIBRARIES = YES;
				BUNDLE_LOADER = "$(TEST_HOST)";
				DEVELOPMENT_TEAM = D48W5PJWXX;
				INFOPLIST_FILE = BopTests/Info.plist;
				LD_RUNPATH_SEARCH_PATHS = "$(inherited) @executable_path/Frameworks @loader_path/Frameworks";
				PRODUCT_BUNDLE_IDENTIFIER = "com.bajis-development.BopTests";
				PRODUCT_NAME = "$(TARGET_NAME)";
				SWIFT_VERSION = 3.0;
				TEST_HOST = "$(BUILT_PRODUCTS_DIR)/Bop.app/Bop";
			};
			name = Debug;
		};
		13187DCF1EA842C7003426FB /* Release */ = {
			isa = XCBuildConfiguration;
			buildSettings = {
				ALWAYS_EMBED_SWIFT_STANDARD_LIBRARIES = YES;
				BUNDLE_LOADER = "$(TEST_HOST)";
				DEVELOPMENT_TEAM = D48W5PJWXX;
				INFOPLIST_FILE = BopTests/Info.plist;
				LD_RUNPATH_SEARCH_PATHS = "$(inherited) @executable_path/Frameworks @loader_path/Frameworks";
				PRODUCT_BUNDLE_IDENTIFIER = "com.bajis-development.BopTests";
				PRODUCT_NAME = "$(TARGET_NAME)";
				SWIFT_VERSION = 3.0;
				TEST_HOST = "$(BUILT_PRODUCTS_DIR)/Bop.app/Bop";
			};
			name = Release;
		};
		13187DD11EA842C7003426FB /* Debug */ = {
			isa = XCBuildConfiguration;
			buildSettings = {
				ALWAYS_EMBED_SWIFT_STANDARD_LIBRARIES = YES;
				DEVELOPMENT_TEAM = D48W5PJWXX;
				INFOPLIST_FILE = BopUITests/Info.plist;
				LD_RUNPATH_SEARCH_PATHS = "$(inherited) @executable_path/Frameworks @loader_path/Frameworks";
				PRODUCT_BUNDLE_IDENTIFIER = "com.bajis-development.BopUITests";
				PRODUCT_NAME = "$(TARGET_NAME)";
				SWIFT_VERSION = 3.0;
				TEST_TARGET_NAME = Bop;
			};
			name = Debug;
		};
		13187DD21EA842C7003426FB /* Release */ = {
			isa = XCBuildConfiguration;
			buildSettings = {
				ALWAYS_EMBED_SWIFT_STANDARD_LIBRARIES = YES;
				DEVELOPMENT_TEAM = D48W5PJWXX;
				INFOPLIST_FILE = BopUITests/Info.plist;
				LD_RUNPATH_SEARCH_PATHS = "$(inherited) @executable_path/Frameworks @loader_path/Frameworks";
				PRODUCT_BUNDLE_IDENTIFIER = "com.bajis-development.BopUITests";
				PRODUCT_NAME = "$(TARGET_NAME)";
				SWIFT_VERSION = 3.0;
				TEST_TARGET_NAME = Bop;
			};
			name = Release;
		};
/* End XCBuildConfiguration section */

/* Begin XCConfigurationList section */
		13187D9A1EA842C7003426FB /* Build configuration list for PBXProject "Bop" */ = {
			isa = XCConfigurationList;
			buildConfigurations = (
				13187DC81EA842C7003426FB /* Debug */,
				13187DC91EA842C7003426FB /* Release */,
			);
			defaultConfigurationIsVisible = 0;
			defaultConfigurationName = Release;
		};
		13187DCA1EA842C7003426FB /* Build configuration list for PBXNativeTarget "Bop" */ = {
			isa = XCConfigurationList;
			buildConfigurations = (
				13187DCB1EA842C7003426FB /* Debug */,
				13187DCC1EA842C7003426FB /* Release */,
			);
			defaultConfigurationIsVisible = 0;
			defaultConfigurationName = Release;
		};
		13187DCD1EA842C7003426FB /* Build configuration list for PBXNativeTarget "BopTests" */ = {
			isa = XCConfigurationList;
			buildConfigurations = (
				13187DCE1EA842C7003426FB /* Debug */,
				13187DCF1EA842C7003426FB /* Release */,
			);
			defaultConfigurationIsVisible = 0;
			defaultConfigurationName = Release;
		};
		13187DD01EA842C7003426FB /* Build configuration list for PBXNativeTarget "BopUITests" */ = {
			isa = XCConfigurationList;
			buildConfigurations = (
				13187DD11EA842C7003426FB /* Debug */,
				13187DD21EA842C7003426FB /* Release */,
			);
			defaultConfigurationIsVisible = 0;
			defaultConfigurationName = Release;
		};
/* End XCConfigurationList section */

/* Begin XCVersionGroup section */
		13187DA91EA842C7003426FB /* Bop.xcdatamodeld */ = {
			isa = XCVersionGroup;
			children = (
				1360479D1EC7D1210090B496 /* Bop 4.xcdatamodel */,
				13707C391EB191CA00A59482 /* Bop3.xcdatamodel */,
				13187E1B1EAEF753003426FB /* Bop 2.xcdatamodel */,
				13187DAA1EA842C7003426FB /* Bop.xcdatamodel */,
			);
			currentVersion = 1360479D1EC7D1210090B496 /* Bop 4.xcdatamodel */;
			path = Bop.xcdatamodeld;
			sourceTree = "<group>";
			versionGroupType = wrapper.xcdatamodel;
		};
/* End XCVersionGroup section */
	};
	rootObject = 13187D971EA842C7003426FB /* Project object */;
}
